
Microsoft Visual Studio Solution File, Format Version 12.00
# Visual Studio Version 17
VisualStudioVersion = 17.5.33627.172
MinimumVisualStudioVersion = 10.0.40219.1
Project("{FAE04EC0-301F-11D3-BF4B-00C04F79EFBC}") = "APISistemaVenta", "APISistemaVenta\APISistemaVenta.csproj", "{898E53C9-720B-488B-BB97-5C8B56D3DC7D}"
EndProject
Global
	GlobalSection(SolutionConfigurationPlatforms) = preSolution
		Debug|Any CPU = Debug|Any CPU
		Release|Any CPU = Release|Any CPU
	EndGlobalSection
	GlobalSection(ProjectConfigurationPlatforms) = postSolution
		{898E53C9-720B-488B-BB97-5C8B56D3DC7D}.Debug|Any CPU.ActiveCfg = Debug|Any CPU
		{898E53C9-720B-488B-BB97-5C8B56D3DC7D}.Debug|Any CPU.Build.0 = Debug|Any CPU
		{898E53C9-720B-488B-BB97-5C8B56D3DC7D}.Release|Any CPU.ActiveCfg = Release|Any CPU
		{898E53C9-720B-488B-BB97-5C8B56D3DC7D}.Release|Any CPU.Build.0 = Release|Any CPU
	EndGlobalSection
	GlobalSection(SolutionProperties) = preSolution
		HideSolutionNode = FALSE
	EndGlobalSection
	GlobalSection(ExtensibilityGlobals) = postSolution
		SolutionGuid = {FC6EAA3F-59A8-4917-B1B9-F9183922DEA1}
	EndGlobalSection
EndGlobal
